{
  "name": ".opencode",
  "lockfileVersion": 3,
  "requires": true,
  "packages": {
    "": {
      "dependencies": {
        "@bytespell/opencode-usage-limits-router": "^0.0.2",
        "@opencode-ai/plugin": "1.1.4"
      }
    },
    "node_modules/@bytespell/model-provider-usage-limits": {
      "version": "0.0.1",
      "resolved": "https://registry.npmjs.org/@bytespell/model-provider-usage-limits/-/model-provider-usage-limits-0.0.1.tgz",
      "integrity": "sha512-0xVlNmpsaAFk62zFikMmRPV9v0EMtjWLpv7BMmET3WtJsGW2dURgJE6DceWcRvhyBSEuta2YOGO3yB1g5ylQMQ==",
      "engines": {
        "node": ">=18.0.0"
      }
    },
    "node_modules/@bytespell/opencode-usage-limits-router": {
      "version": "0.0.2",
      "resolved": "https://registry.npmjs.org/@bytespell/opencode-usage-limits-router/-/opencode-usage-limits-router-0.0.2.tgz",
      "integrity": "sha512-7UqChyrdJIm25HeEAIs8CBzJXISXaFTLtyxttsUZK4a3xfbWhAzGB5oXiCwiI7z9NdXlGeJbyLKxDxSjrbi85g==",
      "dependencies": {
        "@bytespell/model-provider-usage-limits": "^0.0.1"
      },
      "bin": {
        "opencode-usage-limits": "dist/cli.js"
      },
      "engines": {
        "node": ">=18.0.0"
      },
      "peerDependencies": {
        "@opencode-ai/plugin": "^1.0.0"
      },
      "peerDependenciesMeta": {
        "@opencode-ai/plugin": {
          "optional": true
        }
      }
    },
    "node_modules/@opencode-ai/plugin": {
      "version": "1.1.4",
      "resolved": "https://registry.npmjs.org/@opencode-ai/plugin/-/plugin-1.1.4.tgz",
      "integrity": "sha512-RA7KsC6uoqjwJturbTLX7cq+XYet3XA2tRbsh5JTEm98wH7xuQREbkCiFUqk97nbV+BgCf/ex8MyF6P/B0wFCA==",
      "dependencies": {
        "@opencode-ai/sdk": "1.1.4",
        "zod": "4.1.8"
      }
    },
    "node_modules/@opencode-ai/sdk": {
      "version": "1.1.4",
      "resolved": "https://registry.npmjs.org/@opencode-ai/sdk/-/sdk-1.1.4.tgz",
      "integrity": "sha512-fhQH1U3b2K9HDTTJ6Ia7q4FoBwLlrsDf5pTF/D11FntOJPkZoFAhRBznjc8rwCqrGeDzg4YFs+68oLqWgCL/iA=="
    },
    "node_modules/zod": {
      "version": "4.1.8",
      "resolved": "https://registry.npmjs.org/zod/-/zod-4.1.8.tgz",
      "integrity": "sha512-5R1P+WwQqmmMIEACyzSvo4JXHY5WiAFHRMg+zBZKgKS+Q1viRa0C1hmUKtHltoIFKtIdki3pRxkmpP74jnNYHQ==",
      "funding": {
        "url": "https://github.com/sponsors/colinhacks"
      }
    }
  }
}
